
Microsoft Visual Studio Solution File, Format Version 12.00
# Visual Studio 2012
Project("{FAE04EC0-301F-11D3-BF4B-00C04F79EFBC}") = "LanguageQuest", "LanguageQuest\LanguageQuest.csproj", "{E41D4542-9C8E-4515-A20A-5E89F74148CE}"
EndProject
Global
	GlobalSection(SolutionConfigurationPlatforms) = preSolution
		Debug|iPhoneSimulator = Debug|iPhoneSimulator
		Release|iPhone = Release|iPhone
		Release|iPhoneSimulator = Release|iPhoneSimulator
		Debug|iPhone = Debug|iPhone
	EndGlobalSection
	GlobalSection(ProjectConfigurationPlatforms) = postSolution
		{E41D4542-9C8E-4515-A20A-5E89F74148CE}.Debug|iPhoneSimulator.ActiveCfg = Debug|iPhoneSimulator
		{E41D4542-9C8E-4515-A20A-5E89F74148CE}.Debug|iPhoneSimulator.Build.0 = Debug|iPhoneSimulator
		{E41D4542-9C8E-4515-A20A-5E89F74148CE}.Release|iPhone.ActiveCfg = Release|iPhone
		{E41D4542-9C8E-4515-A20A-5E89F74148CE}.Release|iPhone.Build.0 = Release|iPhone
		{E41D4542-9C8E-4515-A20A-5E89F74148CE}.Release|iPhoneSimulator.ActiveCfg = Release|iPhoneSimulator
		{E41D4542-9C8E-4515-A20A-5E89F74148CE}.Release|iPhoneSimulator.Build.0 = Release|iPhoneSimulator
		{E41D4542-9C8E-4515-A20A-5E89F74148CE}.Debug|iPhone.ActiveCfg = Debug|iPhone
		{E41D4542-9C8E-4515-A20A-5E89F74148CE}.Debug|iPhone.Build.0 = Debug|iPhone
	EndGlobalSection
EndGlobal
